
Microsoft Visual Studio Solution File, Format Version 12.00
Project("{FAE04EC0-301F-11D3-BF4B-00C04F79EFBC}") = "Breakout", "Breakout\Breakout.csproj", "{047D4B49-B29E-46CA-97D1-7A8EAC6491B1}"
EndProject
Global
	GlobalSection(SolutionConfigurationPlatforms) = preSolution
		Debug|Any CPU = Debug|Any CPU
		Release|Any CPU = Release|Any CPU
	EndGlobalSection
	GlobalSection(ProjectConfigurationPlatforms) = postSolution
		{047D4B49-B29E-46CA-97D1-7A8EAC6491B1}.Debug|Any CPU.ActiveCfg = Debug|Any CPU
		{047D4B49-B29E-46CA-97D1-7A8EAC6491B1}.Debug|Any CPU.Build.0 = Debug|Any CPU
		{047D4B49-B29E-46CA-97D1-7A8EAC6491B1}.Release|Any CPU.ActiveCfg = Release|Any CPU
		{047D4B49-B29E-46CA-97D1-7A8EAC6491B1}.Release|Any CPU.Build.0 = Release|Any CPU
	EndGlobalSection
EndGlobal
